
Microsoft Visual Studio Solution File, Format Version 12.00
# Visual Studio Version 16
VisualStudioVersion = 16.0.29424.173
MinimumVisualStudioVersion = 10.0.40219.1
Project("{FAE04EC0-301F-11D3-BF4B-00C04F79EFBC}") = "TorneioDeLuta.API", "TorneioDeLuta\TorneioDeLuta.API.csproj", "{1A17C1E3-1CE5-4E74-9E4B-5918B0AB79B3}"
EndProject
Project("{FAE04EC0-301F-11D3-BF4B-00C04F79EFBC}") = "TorneioDeLuta.Domain", "Dominio\TorneioDeLuta.Domain.csproj", "{A6BD1308-4EA6-497B-8329-073D7CFBF2DE}"
EndProject
Project("{FAE04EC0-301F-11D3-BF4B-00C04F79EFBC}") = "TorneioDeLuta.Infrastructure", "TorneioDeLuta.Infrastructure\TorneioDeLuta.Infrastructure.csproj", "{7A8F6FBC-928B-4202-A491-E57D4968ED54}"
EndProject
Project("{FAE04EC0-301F-11D3-BF4B-00C04F79EFBC}") = "TorneioDeLuta.UnitTest", "TorneioDeLuta.UnitTest\TorneioDeLuta.UnitTest.csproj", "{A9D80826-7FDD-40E6-AB84-4E7A0DAB7193}"
EndProject
Global
	GlobalSection(SolutionConfigurationPlatforms) = preSolution
		Debug|Any CPU = Debug|Any CPU
		Release|Any CPU = Release|Any CPU
	EndGlobalSection
	GlobalSection(ProjectConfigurationPlatforms) = postSolution
		{1A17C1E3-1CE5-4E74-9E4B-5918B0AB79B3}.Debug|Any CPU.ActiveCfg = Debug|Any CPU
		{1A17C1E3-1CE5-4E74-9E4B-5918B0AB79B3}.Debug|Any CPU.Build.0 = Debug|Any CPU
		{1A17C1E3-1CE5-4E74-9E4B-5918B0AB79B3}.Release|Any CPU.ActiveCfg = Release|Any CPU
		{1A17C1E3-1CE5-4E74-9E4B-5918B0AB79B3}.Release|Any CPU.Build.0 = Release|Any CPU
		{A6BD1308-4EA6-497B-8329-073D7CFBF2DE}.Debug|Any CPU.ActiveCfg = Debug|Any CPU
		{A6BD1308-4EA6-497B-8329-073D7CFBF2DE}.Debug|Any CPU.Build.0 = Debug|Any CPU
		{A6BD1308-4EA6-497B-8329-073D7CFBF2DE}.Release|Any CPU.ActiveCfg = Release|Any CPU
		{A6BD1308-4EA6-497B-8329-073D7CFBF2DE}.Release|Any CPU.Build.0 = Release|Any CPU
		{7A8F6FBC-928B-4202-A491-E57D4968ED54}.Debug|Any CPU.ActiveCfg = Debug|Any CPU
		{7A8F6FBC-928B-4202-A491-E57D4968ED54}.Debug|Any CPU.Build.0 = Debug|Any CPU
		{7A8F6FBC-928B-4202-A491-E57D4968ED54}.Release|Any CPU.ActiveCfg = Release|Any CPU
		{7A8F6FBC-928B-4202-A491-E57D4968ED54}.Release|Any CPU.Build.0 = Release|Any CPU
		{A9D80826-7FDD-40E6-AB84-4E7A0DAB7193}.Debug|Any CPU.ActiveCfg = Debug|Any CPU
		{A9D80826-7FDD-40E6-AB84-4E7A0DAB7193}.Debug|Any CPU.Build.0 = Debug|Any CPU
		{A9D80826-7FDD-40E6-AB84-4E7A0DAB7193}.Release|Any CPU.ActiveCfg = Release|Any CPU
		{A9D80826-7FDD-40E6-AB84-4E7A0DAB7193}.Release|Any CPU.Build.0 = Release|Any CPU
	EndGlobalSection
	GlobalSection(SolutionProperties) = preSolution
		HideSolutionNode = FALSE
	EndGlobalSection
	GlobalSection(ExtensibilityGlobals) = postSolution
		SolutionGuid = {A8AEE29C-1FFD-4365-84A0-1A7BB78FFB35}
	EndGlobalSection
EndGlobal
